
Microsoft Visual Studio Solution File, Format Version 12.00
# Visual Studio Version 17
VisualStudioVersion = 17.6.33712.159
MinimumVisualStudioVersion = 10.0.40219.1
Project("{FAE04EC0-301F-11D3-BF4B-00C04F79EFBC}") = "ArticTimer", "ArticTimer\ArticTimer.csproj", "{37853681-F6A8-4264-AB1B-565F7F22E99D}"
EndProject
Project("{FAE04EC0-301F-11D3-BF4B-00C04F79EFBC}") = "ArticTimer.TaskCreator", "ArticTimer.TaskCreator\ArticTimer.TaskCreator.csproj", "{94D36CAB-E5AA-4728-A96C-349DED105404}"
EndProject
Global
	GlobalSection(SolutionConfigurationPlatforms) = preSolution
		Debug|Any CPU = Debug|Any CPU
		Release|Any CPU = Release|Any CPU
	EndGlobalSection
	GlobalSection(ProjectConfigurationPlatforms) = postSolution
		{37853681-F6A8-4264-AB1B-565F7F22E99D}.Debug|Any CPU.ActiveCfg = Debug|Any CPU
		{37853681-F6A8-4264-AB1B-565F7F22E99D}.Debug|Any CPU.Build.0 = Debug|Any CPU
		{37853681-F6A8-4264-AB1B-565F7F22E99D}.Release|Any CPU.ActiveCfg = Release|Any CPU
		{37853681-F6A8-4264-AB1B-565F7F22E99D}.Release|Any CPU.Build.0 = Release|Any CPU
		{94D36CAB-E5AA-4728-A96C-349DED105404}.Debug|Any CPU.ActiveCfg = Debug|Any CPU
		{94D36CAB-E5AA-4728-A96C-349DED105404}.Debug|Any CPU.Build.0 = Debug|Any CPU
		{94D36CAB-E5AA-4728-A96C-349DED105404}.Release|Any CPU.ActiveCfg = Release|Any CPU
		{94D36CAB-E5AA-4728-A96C-349DED105404}.Release|Any CPU.Build.0 = Release|Any CPU
	EndGlobalSection
	GlobalSection(SolutionProperties) = preSolution
		HideSolutionNode = FALSE
	EndGlobalSection
	GlobalSection(ExtensibilityGlobals) = postSolution
		SolutionGuid = {60642264-B58D-4A1E-B6DF-1F0E9595EB40}
	EndGlobalSection
EndGlobal
